{
  "version": 4,
  "terraform_version": "0.12.10",
  "serial": 20,
  "lineage": "cd94bdd9-b512-fab3-6f1c-30f81da0062c",
  "outputs": {},
  "resources": [
    {
      "module": "module.gcp_roles_creation",
      "mode": "managed",
      "type": "google_project_iam_member",
      "name": "role_attachment",
      "each": "map",
      "provider": "module.gcp_roles_creation.provider.google",
      "instances": [
        {
          "index_key": "roles/compute.imageUser",
          "schema_version": 0,
          "attributes": {
            "etag": "BwWfa+cKvEQ=",
            "id": "admin-project-257007/roles/compute.imageUser/user:ravichandrak341@gmail.com",
            "member": "user:ravichandrak341@gmail.com",
            "project": "admin-project-257007",
            "role": "roles/compute.imageUser"
          },
          "private": "bnVsbA=="
        },
        {
          "index_key": "roles/compute.loadBalancerAdmin",
          "schema_version": 0,
          "attributes": {
            "etag": "BwWfa+cKvEQ=",
            "id": "admin-project-257007/roles/compute.loadBalancerAdmin/user:ravichandrak341@gmail.com",
            "member": "user:ravichandrak341@gmail.com",
            "project": "admin-project-257007",
            "role": "roles/compute.loadBalancerAdmin"
          },
          "private": "bnVsbA=="
        },
        {
          "index_key": "roles/compute.networkAdmin",
          "schema_version": 0,
          "attributes": {
            "etag": "BwWfa+cKvEQ=",
            "id": "admin-project-257007/roles/compute.networkAdmin/user:ravichandrak341@gmail.com",
            "member": "user:ravichandrak341@gmail.com",
            "project": "admin-project-257007",
            "role": "roles/compute.networkAdmin"
          },
          "private": "bnVsbA=="
        }
      ]
    }
  ]
}
